{
  "name": "server",
  "lockfileVersion": 2,
  "requires": true,
  "packages": {
    "": {
      "dependencies": {
        "plotly.js-dist": "^1.58.4"
      }
    },
    "node_modules/plotly.js-dist": {
      "version": "1.58.4",
      "resolved": "https://registry.npmjs.org/plotly.js-dist/-/plotly.js-dist-1.58.4.tgz",
      "integrity": "sha512-oXCTRJFN8FBsHZSQPYoM3LuJQchPUrf6sOXFC0EFdvcr5lmJmLcAsW74jDy9PkRpm3PB+A+2oY1hsUMmk2eZbw=="
    }
  },
  "dependencies": {
    "plotly.js-dist": {
      "version": "1.58.4",
      "resolved": "https://registry.npmjs.org/plotly.js-dist/-/plotly.js-dist-1.58.4.tgz",
      "integrity": "sha512-oXCTRJFN8FBsHZSQPYoM3LuJQchPUrf6sOXFC0EFdvcr5lmJmLcAsW74jDy9PkRpm3PB+A+2oY1hsUMmk2eZbw=="
    }
  }
}
